// !$*UTF8*$!
{
	archiveVersion = 1;
	classes = {
	};
	objectVersion = 90;
	objects = {

/* Begin PBXBuildFile section */
		380FAEC62D5C251200BF2E33 /* ScheduleInputViewController.swift in Sources */ = {isa = PBXBuildFile; fileRef = 380FAEC52D5C251200BF2E33 /* ScheduleInputViewController.swift */; };
		381027942D60DD0E00E67459 /* Airport.swift in Sources */ = {isa = PBXBuildFile; fileRef = 381027932D60DD0E00E67459 /* Airport.swift */; };
		381C5CA12D4FA95D00D92F8D /* ScheduleEditViewController.swift in Sources */ = {isa = PBXBuildFile; fileRef = 381C5CA02D4FA95D00D92F8D /* ScheduleEditViewController.swift */; };
		382093F42D5DFBC7004CEEB6 /* ScheduleInputCalendarViewController.swift in Sources */ = {isa = PBXBuildFile; fileRef = 382093F32D5DFBC7004CEEB6 /* ScheduleInputCalendarViewController.swift */; };
		382093F62D5DFF64004CEEB6 /* ScheduleInputFormViewController.swift in Sources */ = {isa = PBXBuildFile; fileRef = 382093F52D5DFF64004CEEB6 /* ScheduleInputFormViewController.swift */; };
		384CAAEC2D4B33AF002E5715 /* ViewListViewController.swift in Sources */ = {isa = PBXBuildFile; fileRef = 384CAAEB2D4B33AF002E5715 /* ViewListViewController.swift */; };
		3855A9302D52020A004DCC63 /* MonthlyCalendarViewController.swift in Sources */ = {isa = PBXBuildFile; fileRef = 3855A92F2D52020A004DCC63 /* MonthlyCalendarViewController.swift */; };
		3871E4BF2D73F49800850BB1 /* WidgetKit.framework in Frameworks */ = {isa = PBXBuildFile; fileRef = 3871E4BE2D73F49800850BB1 /* WidgetKit.framework */; };
		3871E4C12D73F49800850BB1 /* SwiftUI.framework in Frameworks */ = {isa = PBXBuildFile; fileRef = 3871E4C02D73F49800850BB1 /* SwiftUI.framework */; };
		3871E4C42D73F49800850BB1 /* KERosterWidgetBundle.swift in Sources */ = {isa = PBXBuildFile; fileRef = 3871E4C32D73F49800850BB1 /* KERosterWidgetBundle.swift */; };
		3871E4C62D73F49800850BB1 /* KERosterWidgetLiveActivity.swift in Sources */ = {isa = PBXBuildFile; fileRef = 3871E4C52D73F49800850BB1 /* KERosterWidgetLiveActivity.swift */; };
		3871E4CA2D73F49800850BB1 /* AppIntent.swift in Sources */ = {isa = PBXBuildFile; fileRef = 3871E4C92D73F49800850BB1 /* AppIntent.swift */; };
		3871E4CC2D73F49A00850BB1 /* Assets.xcassets in Resources */ = {isa = PBXBuildFile; fileRef = 3871E4CB2D73F49A00850BB1 /* Assets.xcassets */; };
		3871E4D02D73F49A00850BB1 /* KERosterWidgetExtension.appex in Embed Foundation Extensions */ = {isa = PBXBuildFile; fileRef = 3871E4BC2D73F49800850BB1 /* KERosterWidgetExtension.appex */; settings = {ATTRIBUTES = (RemoveHeadersOnCopy, ); }; };
		3871E4D52D73F7DC00850BB1 /* KERosterWidget.swift in Sources */ = {isa = PBXBuildFile; fileRef = 3871E4C72D73F49800850BB1 /* KERosterWidget.swift */; };
		3871E4D72D73FAFE00850BB1 /* NextFlightWidget.swift in Sources */ = {isa = PBXBuildFile; fileRef = 3871E4D62D73FAFE00850BB1 /* NextFlightWidget.swift */; };
		3871E4D82D73FAFE00850BB1 /* NextFlightWidget.swift in Sources */ = {isa = PBXBuildFile; fileRef = 3871E4D62D73FAFE00850BB1 /* NextFlightWidget.swift */; };
		3872B6042D65366F00154B50 /* ApList.json in Resources */ = {isa = PBXBuildFile; fileRef = 3872B6032D65366F00154B50 /* ApList.json */; };
		3872B6062D670BD300154B50 /* CalendarManager.swift in Sources */ = {isa = PBXBuildFile; fileRef = 3872B6052D670BD300154B50 /* CalendarManager.swift */; };
		38A065F32D4C7F3600FC1F75 /* ScheduleDetailViewController.swift in Sources */ = {isa = PBXBuildFile; fileRef = 38A065F22D4C7F3600FC1F75 /* ScheduleDetailViewController.swift */; };
		38CD98532D84E47B00F98373 /* ZoomableCalendarContainerViewController.swift in Sources */ = {isa = PBXBuildFile; fileRef = 38CD98522D84E47B00F98373 /* ZoomableCalendarContainerViewController.swift */; };
		38E192B92D4109B3006BDDDF /* AppDelegate.swift in Sources */ = {isa = PBXBuildFile; fileRef = 38E192B82D4109B3006BDDDF /* AppDelegate.swift */; };
		38E192BB2D4109B3006BDDDF /* SceneDelegate.swift in Sources */ = {isa = PBXBuildFile; fileRef = 38E192BA2D4109B3006BDDDF /* SceneDelegate.swift */; };
		38E192BD2D4109B3006BDDDF /* ViewController.swift in Sources */ = {isa = PBXBuildFile; fileRef = 38E192BC2D4109B3006BDDDF /* ViewController.swift */; };
		38E192C02D4109B3006BDDDF /* Main.storyboard in Resources */ = {isa = PBXBuildFile; fileRef = 38E192BE2D4109B3006BDDDF /* Main.storyboard */; };
		38E192C32D4109B3006BDDDF /* KERoster.xcdatamodeld in Sources */ = {isa = PBXBuildFile; fileRef = 38E192C12D4109B3006BDDDF /* KERoster.xcdatamodeld */; };
		38E192C52D4109B5006BDDDF /* Assets.xcassets in Resources */ = {isa = PBXBuildFile; fileRef = 38E192C42D4109B5006BDDDF /* Assets.xcassets */; };
		38E192C82D4109B5006BDDDF /* LaunchScreen.storyboard in Resources */ = {isa = PBXBuildFile; fileRef = 38E192C62D4109B5006BDDDF /* LaunchScreen.storyboard */; };
		38E192ED2D4132EA006BDDDF /* SwiftSoup in Frameworks */ = {isa = PBXBuildFile; productRef = 38E192EC2D4132EA006BDDDF /* SwiftSoup */; };
		38EC9C592E53064B0093DBB1 /* PopupWebViewController.swift in Sources */ = {isa = PBXBuildFile; fileRef = 38EC9C582E53064B0093DBB1 /* PopupWebViewController.swift */; };
/* End PBXBuildFile section */

/* Begin PBXContainerItemProxy section */
		3871E4CE2D73F49A00850BB1 /* PBXContainerItemProxy */ = {
			isa = PBXContainerItemProxy;
			containerPortal = 38E192AD2D4109B2006BDDDF /* Project object */;
			proxyType = 1;
			remoteGlobalIDString = 3871E4BB2D73F49800850BB1;
			remoteInfo = KERosterWidgetExtension;
		};
/* End PBXContainerItemProxy section */

/* Begin PBXCopyFilesBuildPhase section */
		3871E4D12D73F49B00850BB1 /* Embed Foundation Extensions */ = {
			isa = PBXCopyFilesBuildPhase;
			dstPath = "";
			dstSubfolder = PlugIns;
			files = (
				3871E4D02D73F49A00850BB1 /* KERosterWidgetExtension.appex in Embed Foundation Extensions */,
			);
			name = "Embed Foundation Extensions";
		};
/* End PBXCopyFilesBuildPhase section */

/* Begin PBXFileReference section */
		380FAEC52D5C251200BF2E33 /* ScheduleInputViewController.swift */ = {isa = PBXFileReference; lastKnownFileType = sourcecode.swift; path = ScheduleInputViewController.swift; sourceTree = "<group>"; };
		381027932D60DD0E00E67459 /* Airport.swift */ = {isa = PBXFileReference; lastKnownFileType = sourcecode.swift; path = Airport.swift; sourceTree = "<group>"; };
		381C5CA02D4FA95D00D92F8D /* ScheduleEditViewController.swift */ = {isa = PBXFileReference; lastKnownFileType = sourcecode.swift; path = ScheduleEditViewController.swift; sourceTree = "<group>"; };
		382093F32D5DFBC7004CEEB6 /* ScheduleInputCalendarViewController.swift */ = {isa = PBXFileReference; lastKnownFileType = sourcecode.swift; path = ScheduleInputCalendarViewController.swift; sourceTree = "<group>"; };
		382093F52D5DFF64004CEEB6 /* ScheduleInputFormViewController.swift */ = {isa = PBXFileReference; lastKnownFileType = sourcecode.swift; path = ScheduleInputFormViewController.swift; sourceTree = "<group>"; };
		384CAAEB2D4B33AF002E5715 /* ViewListViewController.swift */ = {isa = PBXFileReference; lastKnownFileType = sourcecode.swift; path = ViewListViewController.swift; sourceTree = "<group>"; };
		3855A92F2D52020A004DCC63 /* MonthlyCalendarViewController.swift */ = {isa = PBXFileReference; lastKnownFileType = sourcecode.swift; path = MonthlyCalendarViewController.swift; sourceTree = "<group>"; };
		3871E4BC2D73F49800850BB1 /* KERosterWidgetExtension.appex */ = {isa = PBXFileReference; explicitFileType = "wrapper.app-extension"; includeInIndex = 0; path = KERosterWidgetExtension.appex; sourceTree = BUILT_PRODUCTS_DIR; };
		3871E4BE2D73F49800850BB1 /* WidgetKit.framework */ = {isa = PBXFileReference; lastKnownFileType = wrapper.framework; name = WidgetKit.framework; path = System/Library/Frameworks/WidgetKit.framework; sourceTree = SDKROOT; };
		3871E4C02D73F49800850BB1 /* SwiftUI.framework */ = {isa = PBXFileReference; lastKnownFileType = wrapper.framework; name = SwiftUI.framework; path = System/Library/Frameworks/SwiftUI.framework; sourceTree = SDKROOT; };
		3871E4C32D73F49800850BB1 /* KERosterWidgetBundle.swift */ = {isa = PBXFileReference; lastKnownFileType = sourcecode.swift; path = KERosterWidgetBundle.swift; sourceTree = "<group>"; };
		3871E4C52D73F49800850BB1 /* KERosterWidgetLiveActivity.swift */ = {isa = PBXFileReference; lastKnownFileType = sourcecode.swift; path = KERosterWidgetLiveActivity.swift; sourceTree = "<group>"; };
		3871E4C72D73F49800850BB1 /* KERosterWidget.swift */ = {isa = PBXFileReference; lastKnownFileType = sourcecode.swift; path = KERosterWidget.swift; sourceTree = "<group>"; };
		3871E4C92D73F49800850BB1 /* AppIntent.swift */ = {isa = PBXFileReference; lastKnownFileType = sourcecode.swift; path = AppIntent.swift; sourceTree = "<group>"; };
		3871E4CB2D73F49A00850BB1 /* Assets.xcassets */ = {isa = PBXFileReference; lastKnownFileType = folder.assetcatalog; path = Assets.xcassets; sourceTree = "<group>"; };
		3871E4CD2D73F49A00850BB1 /* Info.plist */ = {isa = PBXFileReference; lastKnownFileType = text.plist.xml; path = Info.plist; sourceTree = "<group>"; };
		3871E4D62D73FAFE00850BB1 /* NextFlightWidget.swift */ = {isa = PBXFileReference; lastKnownFileType = sourcecode.swift; path = NextFlightWidget.swift; sourceTree = "<group>"; };
		3871E4D92D73FE9600850BB1 /* KERoster.entitlements */ = {isa = PBXFileReference; lastKnownFileType = text.plist.entitlements; path = KERoster.entitlements; sourceTree = "<group>"; };
		3871E4DA2D73FED800850BB1 /* KERosterWidgetExtension.entitlements */ = {isa = PBXFileReference; lastKnownFileType = text.plist.entitlements; path = KERosterWidgetExtension.entitlements; sourceTree = "<group>"; };
		3872B6032D65366F00154B50 /* ApList.json */ = {isa = PBXFileReference; fileEncoding = 4; lastKnownFileType = text.json; path = ApList.json; sourceTree = "<group>"; };
		3872B6052D670BD300154B50 /* CalendarManager.swift */ = {isa = PBXFileReference; lastKnownFileType = sourcecode.swift; path = CalendarManager.swift; sourceTree = "<group>"; };
		38A065F22D4C7F3600FC1F75 /* ScheduleDetailViewController.swift */ = {isa = PBXFileReference; lastKnownFileType = sourcecode.swift; path = ScheduleDetailViewController.swift; sourceTree = "<group>"; };
		38CD98522D84E47B00F98373 /* ZoomableCalendarContainerViewController.swift */ = {isa = PBXFileReference; lastKnownFileType = sourcecode.swift; path = ZoomableCalendarContainerViewController.swift; sourceTree = "<group>"; };
		38E192B52D4109B2006BDDDF /* KERoster.app */ = {isa = PBXFileReference; explicitFileType = wrapper.application; includeInIndex = 0; path = KERoster.app; sourceTree = BUILT_PRODUCTS_DIR; };
		38E192B82D4109B3006BDDDF /* AppDelegate.swift */ = {isa = PBXFileReference; lastKnownFileType = sourcecode.swift; path = AppDelegate.swift; sourceTree = "<group>"; };
		38E192BA2D4109B3006BDDDF /* SceneDelegate.swift */ = {isa = PBXFileReference; lastKnownFileType = sourcecode.swift; path = SceneDelegate.swift; sourceTree = "<group>"; };
		38E192BC2D4109B3006BDDDF /* ViewController.swift */ = {isa = PBXFileReference; lastKnownFileType = sourcecode.swift; path = ViewController.swift; sourceTree = "<group>"; };
		38E192BF2D4109B3006BDDDF /* Base */ = {isa = PBXFileReference; lastKnownFileType = file.storyboard; name = Base; path = Base.lproj/Main.storyboard; sourceTree = "<group>"; };
		38E192C22D4109B3006BDDDF /* KERoster.xcdatamodel */ = {isa = PBXFileReference; lastKnownFileType = wrapper.xcdatamodel; path = KERoster.xcdatamodel; sourceTree = "<group>"; };
		38E192C42D4109B5006BDDDF /* Assets.xcassets */ = {isa = PBXFileReference; lastKnownFileType = folder.assetcatalog; path = Assets.xcassets; sourceTree = "<group>"; };
		38E192C72D4109B5006BDDDF /* Base */ = {isa = PBXFileReference; lastKnownFileType = file.storyboard; name = Base; path = Base.lproj/LaunchScreen.storyboard; sourceTree = "<group>"; };
		38E192C92D4109B5006BDDDF /* Info.plist */ = {isa = PBXFileReference; explicitFileType = sourcecode.swift; path = Info.plist; sourceTree = "<group>"; };
		38EC9C582E53064B0093DBB1 /* PopupWebViewController.swift */ = {isa = PBXFileReference; lastKnownFileType = sourcecode.swift; path = PopupWebViewController.swift; sourceTree = "<group>"; };
/* End PBXFileReference section */

/* Begin PBXFrameworksBuildPhase section */
		3871E4B92D73F49800850BB1 /* Frameworks */ = {
			isa = PBXFrameworksBuildPhase;
			files = (
				3871E4C12D73F49800850BB1 /* SwiftUI.framework in Frameworks */,
				3871E4BF2D73F49800850BB1 /* WidgetKit.framework in Frameworks */,
			);
		};
		38E192B22D4109B2006BDDDF /* Frameworks */ = {
			isa = PBXFrameworksBuildPhase;
			files = (
				38E192ED2D4132EA006BDDDF /* SwiftSoup in Frameworks */,
			);
		};
/* End PBXFrameworksBuildPhase section */

/* Begin PBXGroup section */
		3871E4BD2D73F49800850BB1 /* Frameworks */ = {
			isa = PBXGroup;
			children = (
				3871E4BE2D73F49800850BB1 /* WidgetKit.framework */,
				3871E4C02D73F49800850BB1 /* SwiftUI.framework */,
			);
			name = Frameworks;
			sourceTree = "<group>";
		};
		3871E4C22D73F49800850BB1 /* KERosterWidget */ = {
			isa = PBXGroup;
			children = (
				3871E4C32D73F49800850BB1 /* KERosterWidgetBundle.swift */,
				3871E4C52D73F49800850BB1 /* KERosterWidgetLiveActivity.swift */,
				3871E4C72D73F49800850BB1 /* KERosterWidget.swift */,
				3871E4C92D73F49800850BB1 /* AppIntent.swift */,
				3871E4CB2D73F49A00850BB1 /* Assets.xcassets */,
				3871E4CD2D73F49A00850BB1 /* Info.plist */,
				3871E4D62D73FAFE00850BB1 /* NextFlightWidget.swift */,
			);
			path = KERosterWidget;
			sourceTree = "<group>";
		};
		38E192AC2D4109B2006BDDDF = {
			isa = PBXGroup;
			children = (
				3871E4DA2D73FED800850BB1 /* KERosterWidgetExtension.entitlements */,
				38E192B72D4109B2006BDDDF /* KERoster */,
				3871E4C22D73F49800850BB1 /* KERosterWidget */,
				3871E4BD2D73F49800850BB1 /* Frameworks */,
				38E192B62D4109B2006BDDDF /* Products */,
			);
			sourceTree = "<group>";
		};
		38E192B62D4109B2006BDDDF /* Products */ = {
			isa = PBXGroup;
			children = (
				38E192B52D4109B2006BDDDF /* KERoster.app */,
				3871E4BC2D73F49800850BB1 /* KERosterWidgetExtension.appex */,
			);
			name = Products;
			sourceTree = "<group>";
		};
		38E192B72D4109B2006BDDDF /* KERoster */ = {
			isa = PBXGroup;
			children = (
				3871E4D92D73FE9600850BB1 /* KERoster.entitlements */,
				3872B6032D65366F00154B50 /* ApList.json */,
				381027932D60DD0E00E67459 /* Airport.swift */,
				38E192B82D4109B3006BDDDF /* AppDelegate.swift */,
				38E192BA2D4109B3006BDDDF /* SceneDelegate.swift */,
				38E192BC2D4109B3006BDDDF /* ViewController.swift */,
				38EC9C582E53064B0093DBB1 /* PopupWebViewController.swift */,
				3872B6052D670BD300154B50 /* CalendarManager.swift */,
				38A065F22D4C7F3600FC1F75 /* ScheduleDetailViewController.swift */,
				381C5CA02D4FA95D00D92F8D /* ScheduleEditViewController.swift */,
				38E192BE2D4109B3006BDDDF /* Main.storyboard */,
				380FAEC52D5C251200BF2E33 /* ScheduleInputViewController.swift */,
				382093F32D5DFBC7004CEEB6 /* ScheduleInputCalendarViewController.swift */,
				382093F52D5DFF64004CEEB6 /* ScheduleInputFormViewController.swift */,
				384CAAEB2D4B33AF002E5715 /* ViewListViewController.swift */,
				38CD98522D84E47B00F98373 /* ZoomableCalendarContainerViewController.swift */,
				3855A92F2D52020A004DCC63 /* MonthlyCalendarViewController.swift */,
				38E192C42D4109B5006BDDDF /* Assets.xcassets */,
				38E192C62D4109B5006BDDDF /* LaunchScreen.storyboard */,
				38E192C92D4109B5006BDDDF /* Info.plist */,
				38E192C12D4109B3006BDDDF /* KERoster.xcdatamodeld */,
			);
			path = KERoster;
			sourceTree = "<group>";
		};
/* End PBXGroup section */

/* Begin PBXNativeTarget section */
		3871E4BB2D73F49800850BB1 /* KERosterWidgetExtension */ = {
			isa = PBXNativeTarget;
			buildConfigurationList = 3871E4D42D73F49B00850BB1 /* Build configuration list for PBXNativeTarget "KERosterWidgetExtension" */;
			buildPhases = (
				3871E4B82D73F49800850BB1 /* Sources */,
				3871E4B92D73F49800850BB1 /* Frameworks */,
				3871E4BA2D73F49800850BB1 /* Resources */,
			);
			buildRules = (
			);
			name = KERosterWidgetExtension;
			productName = KERosterWidgetExtension;
			productReference = 3871E4BC2D73F49800850BB1 /* KERosterWidgetExtension.appex */;
			productType = "com.apple.product-type.app-extension";
		};
		38E192B42D4109B2006BDDDF /* KERoster */ = {
			isa = PBXNativeTarget;
			buildConfigurationList = 38E192E22D4109B5006BDDDF /* Build configuration list for PBXNativeTarget "KERoster" */;
			buildPhases = (
				38E192B12D4109B2006BDDDF /* Sources */,
				38E192B22D4109B2006BDDDF /* Frameworks */,
				38E192B32D4109B2006BDDDF /* Resources */,
				3871E4D12D73F49B00850BB1 /* Embed Foundation Extensions */,
			);
			buildRules = (
			);
			dependencies = (
				3871E4CF2D73F49A00850BB1 /* PBXTargetDependency */,
			);
			name = KERoster;
			packageProductDependencies = (
				38E192EC2D4132EA006BDDDF /* SwiftSoup */,
			);
			productName = KERoster;
			productReference = 38E192B52D4109B2006BDDDF /* KERoster.app */;
			productType = "com.apple.product-type.application";
		};
/* End PBXNativeTarget section */

/* Begin PBXProject section */
		38E192AD2D4109B2006BDDDF /* Project object */ = {
			isa = PBXProject;
			attributes = {
				BuildIndependentTargetsInParallel = 1;
				LastSwiftUpdateCheck = 1520;
				LastUpgradeCheck = 2600;
				TargetAttributes = {
					3871E4BB2D73F49800850BB1 = {
						CreatedOnToolsVersion = 15.2;
					};
					38E192B42D4109B2006BDDDF = {
						CreatedOnToolsVersion = 15.2;
					};
				};
			};
			buildConfigurationList = 38E192B02D4109B2006BDDDF /* Build configuration list for PBXProject "KERoster" */;
			developmentRegion = en;
			hasScannedForEncodings = 0;
			knownRegions = (
				en,
				Base,
			);
			mainGroup = 38E192AC2D4109B2006BDDDF;
			packageReferences = (
				38E192EB2D4132EA006BDDDF /* XCRemoteSwiftPackageReference "SwiftSoup" */,
			);
			preferredProjectObjectVersion = 90;
			productRefGroup = 38E192B62D4109B2006BDDDF /* Products */;
			projectDirPath = "";
			projectRoot = "";
			targets = (
				38E192B42D4109B2006BDDDF /* KERoster */,
				3871E4BB2D73F49800850BB1 /* KERosterWidgetExtension */,
			);
		};
/* End PBXProject section */

/* Begin PBXResourcesBuildPhase section */
		3871E4BA2D73F49800850BB1 /* Resources */ = {
			isa = PBXResourcesBuildPhase;
			files = (
				3871E4CC2D73F49A00850BB1 /* Assets.xcassets in Resources */,
			);
		};
		38E192B32D4109B2006BDDDF /* Resources */ = {
			isa = PBXResourcesBuildPhase;
			files = (
				3872B6042D65366F00154B50 /* ApList.json in Resources */,
				38E192C82D4109B5006BDDDF /* LaunchScreen.storyboard in Resources */,
				38E192C52D4109B5006BDDDF /* Assets.xcassets in Resources */,
				38E192C02D4109B3006BDDDF /* Main.storyboard in Resources */,
			);
		};
/* End PBXResourcesBuildPhase section */

/* Begin PBXSourcesBuildPhase section */
		3871E4B82D73F49800850BB1 /* Sources */ = {
			isa = PBXSourcesBuildPhase;
			files = (
				3871E4CA2D73F49800850BB1 /* AppIntent.swift in Sources */,
				3871E4C62D73F49800850BB1 /* KERosterWidgetLiveActivity.swift in Sources */,
				3871E4D82D73FAFE00850BB1 /* NextFlightWidget.swift in Sources */,
				3871E4D52D73F7DC00850BB1 /* KERosterWidget.swift in Sources */,
				3871E4C42D73F49800850BB1 /* KERosterWidgetBundle.swift in Sources */,
			);
		};
		38E192B12D4109B2006BDDDF /* Sources */ = {
			isa = PBXSourcesBuildPhase;
			files = (
				38A065F32D4C7F3600FC1F75 /* ScheduleDetailViewController.swift in Sources */,
				38E192C32D4109B3006BDDDF /* KERoster.xcdatamodeld in Sources */,
				381C5CA12D4FA95D00D92F8D /* ScheduleEditViewController.swift in Sources */,
				38E192BD2D4109B3006BDDDF /* ViewController.swift in Sources */,
				380FAEC62D5C251200BF2E33 /* ScheduleInputViewController.swift in Sources */,
				38E192B92D4109B3006BDDDF /* AppDelegate.swift in Sources */,
				384CAAEC2D4B33AF002E5715 /* ViewListViewController.swift in Sources */,
				38E192BB2D4109B3006BDDDF /* SceneDelegate.swift in Sources */,
				38EC9C592E53064B0093DBB1 /* PopupWebViewController.swift in Sources */,
				38CD98532D84E47B00F98373 /* ZoomableCalendarContainerViewController.swift in Sources */,
				382093F42D5DFBC7004CEEB6 /* ScheduleInputCalendarViewController.swift in Sources */,
				381027942D60DD0E00E67459 /* Airport.swift in Sources */,
				3871E4D72D73FAFE00850BB1 /* NextFlightWidget.swift in Sources */,
				382093F62D5DFF64004CEEB6 /* ScheduleInputFormViewController.swift in Sources */,
				3855A9302D52020A004DCC63 /* MonthlyCalendarViewController.swift in Sources */,
				3872B6062D670BD300154B50 /* CalendarManager.swift in Sources */,
			);
		};
/* End PBXSourcesBuildPhase section */

/* Begin PBXTargetDependency section */
		3871E4CF2D73F49A00850BB1 /* PBXTargetDependency */ = {
			isa = PBXTargetDependency;
			target = 3871E4BB2D73F49800850BB1 /* KERosterWidgetExtension */;
			targetProxy = 3871E4CE2D73F49A00850BB1 /* PBXContainerItemProxy */;
		};
/* End PBXTargetDependency section */

/* Begin PBXVariantGroup section */
		38E192BE2D4109B3006BDDDF /* Main.storyboard */ = {
			isa = PBXVariantGroup;
			children = (
				38E192BF2D4109B3006BDDDF /* Base */,
			);
			name = Main.storyboard;
			sourceTree = "<group>";
		};
		38E192C62D4109B5006BDDDF /* LaunchScreen.storyboard */ = {
			isa = PBXVariantGroup;
			children = (
				38E192C72D4109B5006BDDDF /* Base */,
			);
			name = LaunchScreen.storyboard;
			sourceTree = "<group>";
		};
/* End PBXVariantGroup section */

/* Begin XCBuildConfiguration section */
		3871E4D22D73F49B00850BB1 /* Debug configuration for PBXNativeTarget "KERosterWidgetExtension" */ = {
			isa = XCBuildConfiguration;
			buildSettings = {
				ASSETCATALOG_COMPILER_GLOBAL_ACCENT_COLOR_NAME = AccentColor;
				ASSETCATALOG_COMPILER_WIDGET_BACKGROUND_COLOR_NAME = WidgetBackground;
				CODE_SIGN_ENTITLEMENTS = KERosterWidgetExtension.entitlements;
				CODE_SIGN_STYLE = Automatic;
				CURRENT_PROJECT_VERSION = 52;
				GENERATE_INFOPLIST_FILE = YES;
				INFOPLIST_FILE = KERosterWidget/Info.plist;
				INFOPLIST_KEY_CFBundleDisplayName = KERosterWidget;
				INFOPLIST_KEY_NSHumanReadableCopyright = "";
				LD_RUNPATH_SEARCH_PATHS = (
					"$(inherited)",
					"@executable_path/Frameworks",
					"@executable_path/../../Frameworks",
				);
				MARKETING_VERSION = 2.1.5;
				PRODUCT_BUNDLE_IDENTIFIER = org.duckdns.cageyjs.KERoster.KERosterWidget;
				PRODUCT_NAME = "$(TARGET_NAME)";
				SKIP_INSTALL = YES;
				SWIFT_EMIT_LOC_STRINGS = YES;
				SWIFT_VERSION = 5.0;
				TARGETED_DEVICE_FAMILY = "1,2";
			};
			name = Debug;
		};
		3871E4D32D73F49B00850BB1 /* Release configuration for PBXNativeTarget "KERosterWidgetExtension" */ = {
			isa = XCBuildConfiguration;
			buildSettings = {
				ASSETCATALOG_COMPILER_GLOBAL_ACCENT_COLOR_NAME = AccentColor;
				ASSETCATALOG_COMPILER_WIDGET_BACKGROUND_COLOR_NAME = WidgetBackground;
				CODE_SIGN_ENTITLEMENTS = KERosterWidgetExtension.entitlements;
				CODE_SIGN_STYLE = Automatic;
				CURRENT_PROJECT_VERSION = 52;
				GENERATE_INFOPLIST_FILE = YES;
				INFOPLIST_FILE = KERosterWidget/Info.plist;
				INFOPLIST_KEY_CFBundleDisplayName = KERosterWidget;
				INFOPLIST_KEY_NSHumanReadableCopyright = "";
				LD_RUNPATH_SEARCH_PATHS = (
					"$(inherited)",
					"@executable_path/Frameworks",
					"@executable_path/../../Frameworks",
				);
				MARKETING_VERSION = 2.1.5;
				PRODUCT_BUNDLE_IDENTIFIER = org.duckdns.cageyjs.KERoster.KERosterWidget;
				PRODUCT_NAME = "$(TARGET_NAME)";
				SKIP_INSTALL = YES;
				SWIFT_EMIT_LOC_STRINGS = YES;
				SWIFT_VERSION = 5.0;
				TARGETED_DEVICE_FAMILY = "1,2";
			};
			name = Release;
		};
		38E192E02D4109B5006BDDDF /* Debug configuration for PBXProject "KERoster" */ = {
			isa = XCBuildConfiguration;
			buildSettings = {
				ALWAYS_SEARCH_USER_PATHS = NO;
				ASSETCATALOG_COMPILER_GENERATE_SWIFT_ASSET_SYMBOL_EXTENSIONS = YES;
				CLANG_ANALYZER_NONNULL = YES;
				CLANG_ANALYZER_NUMBER_OBJECT_CONVERSION = YES_AGGRESSIVE;
				CLANG_CXX_LANGUAGE_STANDARD = "gnu++20";
				CLANG_ENABLE_MODULES = YES;
				CLANG_ENABLE_OBJC_ARC = YES;
				CLANG_ENABLE_OBJC_WEAK = YES;
				CLANG_WARN_BLOCK_CAPTURE_AUTORELEASING = YES;
				CLANG_WARN_BOOL_CONVERSION = YES;
				CLANG_WARN_COMMA = YES;
				CLANG_WARN_CONSTANT_CONVERSION = YES;
				CLANG_WARN_DEPRECATED_OBJC_IMPLEMENTATIONS = YES;
				CLANG_WARN_DIRECT_OBJC_ISA_USAGE = YES_ERROR;
				CLANG_WARN_DOCUMENTATION_COMMENTS = YES;
				CLANG_WARN_EMPTY_BODY = YES;
				CLANG_WARN_ENUM_CONVERSION = YES;
				CLANG_WARN_INFINITE_RECURSION = YES;
				CLANG_WARN_INT_CONVERSION = YES;
				CLANG_WARN_NON_LITERAL_NULL_CONVERSION = YES;
				CLANG_WARN_OBJC_IMPLICIT_RETAIN_SELF = YES;
				CLANG_WARN_OBJC_LITERAL_CONVERSION = YES;
				CLANG_WARN_OBJC_ROOT_CLASS = YES_ERROR;
				CLANG_WARN_QUOTED_INCLUDE_IN_FRAMEWORK_HEADER = YES;
				CLANG_WARN_RANGE_LOOP_ANALYSIS = YES;
				CLANG_WARN_STRICT_PROTOTYPES = YES;
				CLANG_WARN_SUSPICIOUS_MOVE = YES;
				CLANG_WARN_UNGUARDED_AVAILABILITY = YES_AGGRESSIVE;
				CLANG_WARN_UNREACHABLE_CODE = YES;
				CLANG_WARN__DUPLICATE_METHOD_MATCH = YES;
				COPY_PHASE_STRIP = NO;
				DEBUG_INFORMATION_FORMAT = dwarf;
				DEVELOPMENT_TEAM = 94X9X7M6N2;
				ENABLE_STRICT_OBJC_MSGSEND = YES;
				ENABLE_TESTABILITY = YES;
				ENABLE_USER_SCRIPT_SANDBOXING = YES;
				GCC_C_LANGUAGE_STANDARD = gnu17;
				GCC_DYNAMIC_NO_PIC = NO;
				GCC_NO_COMMON_BLOCKS = YES;
				GCC_OPTIMIZATION_LEVEL = 0;
				GCC_PREPROCESSOR_DEFINITIONS = (
					"DEBUG=1",
					"$(inherited)",
				);
				GCC_WARN_64_TO_32_BIT_CONVERSION = YES;
				GCC_WARN_ABOUT_RETURN_TYPE = YES_ERROR;
				GCC_WARN_UNDECLARED_SELECTOR = YES;
				GCC_WARN_UNINITIALIZED_AUTOS = YES_AGGRESSIVE;
				GCC_WARN_UNUSED_FUNCTION = YES;
				GCC_WARN_UNUSED_VARIABLE = YES;
				IPHONEOS_DEPLOYMENT_TARGET = 18.0;
				LOCALIZATION_PREFERS_STRING_CATALOGS = YES;
				MTL_ENABLE_DEBUG_INFO = INCLUDE_SOURCE;
				MTL_FAST_MATH = YES;
				ONLY_ACTIVE_ARCH = YES;
				SDKROOT = iphoneos;
				STRING_CATALOG_GENERATE_SYMBOLS = YES;
				SWIFT_ACTIVE_COMPILATION_CONDITIONS = "DEBUG $(inherited)";
				SWIFT_OPTIMIZATION_LEVEL = "-Onone";
			};
			name = Debug;
		};
		38E192E12D4109B5006BDDDF /* Release configuration for PBXProject "KERoster" */ = {
			isa = XCBuildConfiguration;
			buildSettings = {
				ALWAYS_SEARCH_USER_PATHS = NO;
				ASSETCATALOG_COMPILER_GENERATE_SWIFT_ASSET_SYMBOL_EXTENSIONS = YES;
				CLANG_ANALYZER_NONNULL = YES;
				CLANG_ANALYZER_NUMBER_OBJECT_CONVERSION = YES_AGGRESSIVE;
				CLANG_CXX_LANGUAGE_STANDARD = "gnu++20";
				CLANG_ENABLE_MODULES = YES;
				CLANG_ENABLE_OBJC_ARC = YES;
				CLANG_ENABLE_OBJC_WEAK = YES;
				CLANG_WARN_BLOCK_CAPTURE_AUTORELEASING = YES;
				CLANG_WARN_BOOL_CONVERSION = YES;
				CLANG_WARN_COMMA = YES;
				CLANG_WARN_CONSTANT_CONVERSION = YES;
				CLANG_WARN_DEPRECATED_OBJC_IMPLEMENTATIONS = YES;
				CLANG_WARN_DIRECT_OBJC_ISA_USAGE = YES_ERROR;
				CLANG_WARN_DOCUMENTATION_COMMENTS = YES;
				CLANG_WARN_EMPTY_BODY = YES;
				CLANG_WARN_ENUM_CONVERSION = YES;
				CLANG_WARN_INFINITE_RECURSION = YES;
				CLANG_WARN_INT_CONVERSION = YES;
				CLANG_WARN_NON_LITERAL_NULL_CONVERSION = YES;
				CLANG_WARN_OBJC_IMPLICIT_RETAIN_SELF = YES;
				CLANG_WARN_OBJC_LITERAL_CONVERSION = YES;
				CLANG_WARN_OBJC_ROOT_CLASS = YES_ERROR;
				CLANG_WARN_QUOTED_INCLUDE_IN_FRAMEWORK_HEADER = YES;
				CLANG_WARN_RANGE_LOOP_ANALYSIS = YES;
				CLANG_WARN_STRICT_PROTOTYPES = YES;
				CLANG_WARN_SUSPICIOUS_MOVE = YES;
				CLANG_WARN_UNGUARDED_AVAILABILITY = YES_AGGRESSIVE;
				CLANG_WARN_UNREACHABLE_CODE = YES;
				CLANG_WARN__DUPLICATE_METHOD_MATCH = YES;
				COPY_PHASE_STRIP = NO;
				DEBUG_INFORMATION_FORMAT = "dwarf-with-dsym";
				DEVELOPMENT_TEAM = 94X9X7M6N2;
				ENABLE_NS_ASSERTIONS = NO;
				ENABLE_STRICT_OBJC_MSGSEND = YES;
				ENABLE_USER_SCRIPT_SANDBOXING = YES;
				GCC_C_LANGUAGE_STANDARD = gnu17;
				GCC_NO_COMMON_BLOCKS = YES;
				GCC_WARN_64_TO_32_BIT_CONVERSION = YES;
				GCC_WARN_ABOUT_RETURN_TYPE = YES_ERROR;
				GCC_WARN_UNDECLARED_SELECTOR = YES;
				GCC_WARN_UNINITIALIZED_AUTOS = YES_AGGRESSIVE;
				GCC_WARN_UNUSED_FUNCTION = YES;
				GCC_WARN_UNUSED_VARIABLE = YES;
				IPHONEOS_DEPLOYMENT_TARGET = 18.0;
				LOCALIZATION_PREFERS_STRING_CATALOGS = YES;
				MTL_ENABLE_DEBUG_INFO = NO;
				MTL_FAST_MATH = YES;
				SDKROOT = iphoneos;
				STRING_CATALOG_GENERATE_SYMBOLS = YES;
				SWIFT_COMPILATION_MODE = wholemodule;
				VALIDATE_PRODUCT = YES;
			};
			name = Release;
		};
		38E192E32D4109B5006BDDDF /* Debug configuration for PBXNativeTarget "KERoster" */ = {
			isa = XCBuildConfiguration;
			buildSettings = {
				ASSETCATALOG_COMPILER_APPICON_NAME = AppIcon;
				ASSETCATALOG_COMPILER_GLOBAL_ACCENT_COLOR_NAME = AccentColor;
				CODE_SIGN_ENTITLEMENTS = KERoster/KERoster.entitlements;
				CODE_SIGN_IDENTITY = "Apple Development";
				CODE_SIGN_STYLE = Automatic;
				CURRENT_PROJECT_VERSION = 52;
				GENERATE_INFOPLIST_FILE = YES;
				INFOPLIST_FILE = KERoster/Info.plist;
				INFOPLIST_KEY_CFBundleDisplayName = KERoster;
				INFOPLIST_KEY_LSApplicationCategoryType = "public.app-category.productivity";
				INFOPLIST_KEY_NSCalendarsUsageDescription = "Access is required to add events to your calendar.";
				INFOPLIST_KEY_UIApplicationSupportsIndirectInputEvents = YES;
				INFOPLIST_KEY_UILaunchStoryboardName = LaunchScreen;
				INFOPLIST_KEY_UIMainStoryboardFile = Main;
				INFOPLIST_KEY_UISupportedInterfaceOrientations = "UIInterfaceOrientationLandscapeLeft UIInterfaceOrientationLandscapeRight UIInterfaceOrientationPortrait";
				INFOPLIST_KEY_UISupportedInterfaceOrientations_iPad = "UIInterfaceOrientationLandscapeLeft UIInterfaceOrientationLandscapeRight UIInterfaceOrientationPortrait UIInterfaceOrientationPortraitUpsideDown";
				IPHONEOS_DEPLOYMENT_TARGET = 18.0;
				LD_RUNPATH_SEARCH_PATHS = (
					"$(inherited)",
					"@executable_path/Frameworks",
				);
				MARKETING_VERSION = 2.1.6;
				PRODUCT_BUNDLE_IDENTIFIER = org.duckdns.cageyjs.KERoster;
				PRODUCT_NAME = "$(TARGET_NAME)";
				PROVISIONING_PROFILE_SPECIFIER = "";
				SWIFT_EMIT_LOC_STRINGS = YES;
				SWIFT_VERSION = 5.0;
				TARGETED_DEVICE_FAMILY = "1,2";
			};
			name = Debug;
		};
		38E192E42D4109B5006BDDDF /* Release configuration for PBXNativeTarget "KERoster" */ = {
			isa = XCBuildConfiguration;
			buildSettings = {
				ASSETCATALOG_COMPILER_APPICON_NAME = AppIcon;
				ASSETCATALOG_COMPILER_GLOBAL_ACCENT_COLOR_NAME = AccentColor;
				CODE_SIGN_ENTITLEMENTS = KERoster/KERoster.entitlements;
				CODE_SIGN_IDENTITY = "Apple Development";
				CODE_SIGN_STYLE = Automatic;
				CURRENT_PROJECT_VERSION = 52;
				GENERATE_INFOPLIST_FILE = YES;
				INFOPLIST_FILE = KERoster/Info.plist;
				INFOPLIST_KEY_CFBundleDisplayName = KERoster;
				INFOPLIST_KEY_LSApplicationCategoryType = "public.app-category.productivity";
				INFOPLIST_KEY_NSCalendarsUsageDescription = "Access is required to add events to your calendar.";
				INFOPLIST_KEY_UIApplicationSupportsIndirectInputEvents = YES;
				INFOPLIST_KEY_UILaunchStoryboardName = LaunchScreen;
				INFOPLIST_KEY_UIMainStoryboardFile = Main;
				INFOPLIST_KEY_UISupportedInterfaceOrientations = "UIInterfaceOrientationLandscapeLeft UIInterfaceOrientationLandscapeRight UIInterfaceOrientationPortrait";
				INFOPLIST_KEY_UISupportedInterfaceOrientations_iPad = "UIInterfaceOrientationLandscapeLeft UIInterfaceOrientationLandscapeRight UIInterfaceOrientationPortrait UIInterfaceOrientationPortraitUpsideDown";
				IPHONEOS_DEPLOYMENT_TARGET = 18.0;
				LD_RUNPATH_SEARCH_PATHS = (
					"$(inherited)",
					"@executable_path/Frameworks",
				);
				MARKETING_VERSION = 2.1.6;
				PRODUCT_BUNDLE_IDENTIFIER = org.duckdns.cageyjs.KERoster;
				PRODUCT_NAME = "$(TARGET_NAME)";
				PROVISIONING_PROFILE_SPECIFIER = "";
				SWIFT_EMIT_LOC_STRINGS = YES;
				SWIFT_VERSION = 5.0;
				TARGETED_DEVICE_FAMILY = "1,2";
			};
			name = Release;
		};
/* End XCBuildConfiguration section */

/* Begin XCConfigurationList section */
		3871E4D42D73F49B00850BB1 /* Build configuration list for PBXNativeTarget "KERosterWidgetExtension" */ = {
			isa = XCConfigurationList;
			buildConfigurations = (
				3871E4D22D73F49B00850BB1 /* Debug configuration for PBXNativeTarget "KERosterWidgetExtension" */,
				3871E4D32D73F49B00850BB1 /* Release configuration for PBXNativeTarget "KERosterWidgetExtension" */,
			);
			defaultConfigurationName = Release;
		};
		38E192B02D4109B2006BDDDF /* Build configuration list for PBXProject "KERoster" */ = {
			isa = XCConfigurationList;
			buildConfigurations = (
				38E192E02D4109B5006BDDDF /* Debug configuration for PBXProject "KERoster" */,
				38E192E12D4109B5006BDDDF /* Release configuration for PBXProject "KERoster" */,
			);
			defaultConfigurationName = Release;
		};
		38E192E22D4109B5006BDDDF /* Build configuration list for PBXNativeTarget "KERoster" */ = {
			isa = XCConfigurationList;
			buildConfigurations = (
				38E192E32D4109B5006BDDDF /* Debug configuration for PBXNativeTarget "KERoster" */,
				38E192E42D4109B5006BDDDF /* Release configuration for PBXNativeTarget "KERoster" */,
			);
			defaultConfigurationName = Release;
		};
/* End XCConfigurationList section */

/* Begin XCRemoteSwiftPackageReference section */
		38E192EB2D4132EA006BDDDF /* XCRemoteSwiftPackageReference "SwiftSoup" */ = {
			isa = XCRemoteSwiftPackageReference;
			repositoryURL = "https://github.com/scinfu/SwiftSoup.git";
			requirement = {
				kind = upToNextMajorVersion;
				minimumVersion = 2.7.6;
			};
		};
/* End XCRemoteSwiftPackageReference section */

/* Begin XCSwiftPackageProductDependency section */
		38E192EC2D4132EA006BDDDF /* SwiftSoup */ = {
			isa = XCSwiftPackageProductDependency;
			package = 38E192EB2D4132EA006BDDDF /* XCRemoteSwiftPackageReference "SwiftSoup" */;
			productName = SwiftSoup;
		};
/* End XCSwiftPackageProductDependency section */

/* Begin XCVersionGroup section */
		38E192C12D4109B3006BDDDF /* KERoster.xcdatamodeld */ = {
			isa = XCVersionGroup;
			children = (
				38E192C22D4109B3006BDDDF /* KERoster.xcdatamodel */,
			);
			currentVersion = 38E192C22D4109B3006BDDDF /* KERoster.xcdatamodel */;
			path = KERoster.xcdatamodeld;
			sourceTree = "<group>";
			versionGroupType = wrapper.xcdatamodel;
		};
/* End XCVersionGroup section */
	};
	rootObject = 38E192AD2D4109B2006BDDDF /* Project object */;
}
